
Microsoft Visual Studio Solution File, Format Version 12.00
# Visual Studio 14
VisualStudioVersion = 14.0.25420.1
MinimumVisualStudioVersion = 10.0.40219.1
Project("{FAE04EC0-301F-11D3-BF4B-00C04F79EFBC}") = "ReservationEvents", "WPFPodstawy\ReservationEvents.csproj", "{93BDE3DA-284E-4DC2-B1E5-CF25C8B10F54}"
EndProject
Project("{FAE04EC0-301F-11D3-BF4B-00C04F79EFBC}") = "ItemSource", "ItemSources\ItemSource.csproj", "{61F0F0EF-31AD-4FE7-B8C4-EA26264E0E7A}"
EndProject
Project("{FAE04EC0-301F-11D3-BF4B-00C04F79EFBC}") = "ImagesUserControl", "ImagesUserControl\ImagesUserControl.csproj", "{5C7439EF-3D1E-46E3-9BA8-71838C01BE70}"
EndProject
Project("{FAE04EC0-301F-11D3-BF4B-00C04F79EFBC}") = "OurDependencyProperty", "DependencyProperty\OurDependencyProperty.csproj", "{3403755E-94EB-4C34-ADDD-1CFC278B0E4A}"
EndProject
Project("{FAE04EC0-301F-11D3-BF4B-00C04F79EFBC}") = "ControlTemplate", "ControlTemplate\ControlTemplate.csproj", "{5224793E-8CB1-41B0-8D5A-D103144983BB}"
EndProject
Project("{FAE04EC0-301F-11D3-BF4B-00C04F79EFBC}") = "ListBox", "ListBox\ListBox.csproj", "{2E3F9765-EF8A-4F09-9105-67E5CD4A19E3}"
EndProject
Project("{FAE04EC0-301F-11D3-BF4B-00C04F79EFBC}") = "ComboBox", "ComboBox\ComboBox.csproj", "{A73F10F4-F2F4-4BE9-8A23-493FF6A2C35D}"
EndProject
Project("{FAE04EC0-301F-11D3-BF4B-00C04F79EFBC}") = "ListView", "ListView\ListView.csproj", "{9F828DC1-99E9-4426-BDC0-5E66FDA7FEA9}"
EndProject
Project("{FAE04EC0-301F-11D3-BF4B-00C04F79EFBC}") = "DataGrid", "DataGrid\DataGrid.csproj", "{58086611-3488-41DC-80AB-A50F7F7EA738}"
EndProject
Project("{FAE04EC0-301F-11D3-BF4B-00C04F79EFBC}") = "Menu", "Menu\Menu.csproj", "{54F49B2E-E432-46E6-B2BB-BC82D29EE94E}"
EndProject
Project("{FAE04EC0-301F-11D3-BF4B-00C04F79EFBC}") = "ProgressBar", "ProgressBar\ProgressBar.csproj", "{686458B6-72CB-4CC1-9EAE-12EF47CE2B30}"
EndProject
Global
	GlobalSection(SolutionConfigurationPlatforms) = preSolution
		Debug|Any CPU = Debug|Any CPU
		Release|Any CPU = Release|Any CPU
	EndGlobalSection
	GlobalSection(ProjectConfigurationPlatforms) = postSolution
		{93BDE3DA-284E-4DC2-B1E5-CF25C8B10F54}.Debug|Any CPU.ActiveCfg = Debug|Any CPU
		{93BDE3DA-284E-4DC2-B1E5-CF25C8B10F54}.Debug|Any CPU.Build.0 = Debug|Any CPU
		{93BDE3DA-284E-4DC2-B1E5-CF25C8B10F54}.Release|Any CPU.ActiveCfg = Release|Any CPU
		{93BDE3DA-284E-4DC2-B1E5-CF25C8B10F54}.Release|Any CPU.Build.0 = Release|Any CPU
		{61F0F0EF-31AD-4FE7-B8C4-EA26264E0E7A}.Debug|Any CPU.ActiveCfg = Debug|Any CPU
		{61F0F0EF-31AD-4FE7-B8C4-EA26264E0E7A}.Debug|Any CPU.Build.0 = Debug|Any CPU
		{61F0F0EF-31AD-4FE7-B8C4-EA26264E0E7A}.Release|Any CPU.ActiveCfg = Release|Any CPU
		{61F0F0EF-31AD-4FE7-B8C4-EA26264E0E7A}.Release|Any CPU.Build.0 = Release|Any CPU
		{5C7439EF-3D1E-46E3-9BA8-71838C01BE70}.Debug|Any CPU.ActiveCfg = Debug|Any CPU
		{5C7439EF-3D1E-46E3-9BA8-71838C01BE70}.Debug|Any CPU.Build.0 = Debug|Any CPU
		{5C7439EF-3D1E-46E3-9BA8-71838C01BE70}.Release|Any CPU.ActiveCfg = Release|Any CPU
		{5C7439EF-3D1E-46E3-9BA8-71838C01BE70}.Release|Any CPU.Build.0 = Release|Any CPU
		{3403755E-94EB-4C34-ADDD-1CFC278B0E4A}.Debug|Any CPU.ActiveCfg = Debug|Any CPU
		{3403755E-94EB-4C34-ADDD-1CFC278B0E4A}.Debug|Any CPU.Build.0 = Debug|Any CPU
		{3403755E-94EB-4C34-ADDD-1CFC278B0E4A}.Release|Any CPU.ActiveCfg = Release|Any CPU
		{3403755E-94EB-4C34-ADDD-1CFC278B0E4A}.Release|Any CPU.Build.0 = Release|Any CPU
		{5224793E-8CB1-41B0-8D5A-D103144983BB}.Debug|Any CPU.ActiveCfg = Debug|Any CPU
		{5224793E-8CB1-41B0-8D5A-D103144983BB}.Debug|Any CPU.Build.0 = Debug|Any CPU
		{5224793E-8CB1-41B0-8D5A-D103144983BB}.Release|Any CPU.ActiveCfg = Release|Any CPU
		{5224793E-8CB1-41B0-8D5A-D103144983BB}.Release|Any CPU.Build.0 = Release|Any CPU
		{2E3F9765-EF8A-4F09-9105-67E5CD4A19E3}.Debug|Any CPU.ActiveCfg = Debug|Any CPU
		{2E3F9765-EF8A-4F09-9105-67E5CD4A19E3}.Debug|Any CPU.Build.0 = Debug|Any CPU
		{2E3F9765-EF8A-4F09-9105-67E5CD4A19E3}.Release|Any CPU.ActiveCfg = Release|Any CPU
		{2E3F9765-EF8A-4F09-9105-67E5CD4A19E3}.Release|Any CPU.Build.0 = Release|Any CPU
		{A73F10F4-F2F4-4BE9-8A23-493FF6A2C35D}.Debug|Any CPU.ActiveCfg = Debug|Any CPU
		{A73F10F4-F2F4-4BE9-8A23-493FF6A2C35D}.Debug|Any CPU.Build.0 = Debug|Any CPU
		{A73F10F4-F2F4-4BE9-8A23-493FF6A2C35D}.Release|Any CPU.ActiveCfg = Release|Any CPU
		{A73F10F4-F2F4-4BE9-8A23-493FF6A2C35D}.Release|Any CPU.Build.0 = Release|Any CPU
		{9F828DC1-99E9-4426-BDC0-5E66FDA7FEA9}.Debug|Any CPU.ActiveCfg = Debug|Any CPU
		{9F828DC1-99E9-4426-BDC0-5E66FDA7FEA9}.Debug|Any CPU.Build.0 = Debug|Any CPU
		{9F828DC1-99E9-4426-BDC0-5E66FDA7FEA9}.Release|Any CPU.ActiveCfg = Release|Any CPU
		{9F828DC1-99E9-4426-BDC0-5E66FDA7FEA9}.Release|Any CPU.Build.0 = Release|Any CPU
		{58086611-3488-41DC-80AB-A50F7F7EA738}.Debug|Any CPU.ActiveCfg = Debug|Any CPU
		{58086611-3488-41DC-80AB-A50F7F7EA738}.Debug|Any CPU.Build.0 = Debug|Any CPU
		{58086611-3488-41DC-80AB-A50F7F7EA738}.Release|Any CPU.ActiveCfg = Release|Any CPU
		{58086611-3488-41DC-80AB-A50F7F7EA738}.Release|Any CPU.Build.0 = Release|Any CPU
		{54F49B2E-E432-46E6-B2BB-BC82D29EE94E}.Debug|Any CPU.ActiveCfg = Debug|Any CPU
		{54F49B2E-E432-46E6-B2BB-BC82D29EE94E}.Debug|Any CPU.Build.0 = Debug|Any CPU
		{54F49B2E-E432-46E6-B2BB-BC82D29EE94E}.Release|Any CPU.ActiveCfg = Release|Any CPU
		{54F49B2E-E432-46E6-B2BB-BC82D29EE94E}.Release|Any CPU.Build.0 = Release|Any CPU
		{686458B6-72CB-4CC1-9EAE-12EF47CE2B30}.Debug|Any CPU.ActiveCfg = Debug|Any CPU
		{686458B6-72CB-4CC1-9EAE-12EF47CE2B30}.Debug|Any CPU.Build.0 = Debug|Any CPU
		{686458B6-72CB-4CC1-9EAE-12EF47CE2B30}.Release|Any CPU.ActiveCfg = Release|Any CPU
		{686458B6-72CB-4CC1-9EAE-12EF47CE2B30}.Release|Any CPU.Build.0 = Release|Any CPU
	EndGlobalSection
	GlobalSection(SolutionProperties) = preSolution
		HideSolutionNode = FALSE
	EndGlobalSection
EndGlobal
