
Microsoft Visual Studio Solution File, Format Version 12.00
# Visual Studio 14
VisualStudioVersion = 14.0.25420.1
MinimumVisualStudioVersion = 10.0.40219.1
Project("{FAE04EC0-301F-11D3-BF4B-00C04F79EFBC}") = "ReservationEvents", "WPFPodstawy\ReservationEvents.csproj", "{93BDE3DA-284E-4DC2-B1E5-CF25C8B10F54}"
EndProject
Project("{FAE04EC0-301F-11D3-BF4B-00C04F79EFBC}") = "ItemSource", "ItemSources\ItemSource.csproj", "{61F0F0EF-31AD-4FE7-B8C4-EA26264E0E7A}"
EndProject
Project("{FAE04EC0-301F-11D3-BF4B-00C04F79EFBC}") = "ImagesUserControl", "ImagesUserControl\ImagesUserControl.csproj", "{5C7439EF-3D1E-46E3-9BA8-71838C01BE70}"
EndProject
Project("{FAE04EC0-301F-11D3-BF4B-00C04F79EFBC}") = "DependencyProperty", "DependencyProperty\DependencyProperty.csproj", "{3403755E-94EB-4C34-ADDD-1CFC278B0E4A}"
EndProject
Global
	GlobalSection(SolutionConfigurationPlatforms) = preSolution
		Debug|Any CPU = Debug|Any CPU
		Release|Any CPU = Release|Any CPU
	EndGlobalSection
	GlobalSection(ProjectConfigurationPlatforms) = postSolution
		{93BDE3DA-284E-4DC2-B1E5-CF25C8B10F54}.Debug|Any CPU.ActiveCfg = Debug|Any CPU
		{93BDE3DA-284E-4DC2-B1E5-CF25C8B10F54}.Debug|Any CPU.Build.0 = Debug|Any CPU
		{93BDE3DA-284E-4DC2-B1E5-CF25C8B10F54}.Release|Any CPU.ActiveCfg = Release|Any CPU
		{93BDE3DA-284E-4DC2-B1E5-CF25C8B10F54}.Release|Any CPU.Build.0 = Release|Any CPU
		{61F0F0EF-31AD-4FE7-B8C4-EA26264E0E7A}.Debug|Any CPU.ActiveCfg = Debug|Any CPU
		{61F0F0EF-31AD-4FE7-B8C4-EA26264E0E7A}.Debug|Any CPU.Build.0 = Debug|Any CPU
		{61F0F0EF-31AD-4FE7-B8C4-EA26264E0E7A}.Release|Any CPU.ActiveCfg = Release|Any CPU
		{61F0F0EF-31AD-4FE7-B8C4-EA26264E0E7A}.Release|Any CPU.Build.0 = Release|Any CPU
		{5C7439EF-3D1E-46E3-9BA8-71838C01BE70}.Debug|Any CPU.ActiveCfg = Debug|Any CPU
		{5C7439EF-3D1E-46E3-9BA8-71838C01BE70}.Debug|Any CPU.Build.0 = Debug|Any CPU
		{5C7439EF-3D1E-46E3-9BA8-71838C01BE70}.Release|Any CPU.ActiveCfg = Release|Any CPU
		{5C7439EF-3D1E-46E3-9BA8-71838C01BE70}.Release|Any CPU.Build.0 = Release|Any CPU
		{3403755E-94EB-4C34-ADDD-1CFC278B0E4A}.Debug|Any CPU.ActiveCfg = Debug|Any CPU
		{3403755E-94EB-4C34-ADDD-1CFC278B0E4A}.Debug|Any CPU.Build.0 = Debug|Any CPU
		{3403755E-94EB-4C34-ADDD-1CFC278B0E4A}.Release|Any CPU.ActiveCfg = Release|Any CPU
		{3403755E-94EB-4C34-ADDD-1CFC278B0E4A}.Release|Any CPU.Build.0 = Release|Any CPU
	EndGlobalSection
	GlobalSection(SolutionProperties) = preSolution
		HideSolutionNode = FALSE
	EndGlobalSection
EndGlobal
